// !$*UTF8*$!
{
	archiveVersion = 1;
	classes = {
	};
	objectVersion = 46;
	objects = {

/* Begin PBXBuildFile section */
		0E1721931E893E2E00261E76 /* main.m in Sources */ = {isa = PBXBuildFile; fileRef = 0E1721921E893E2E00261E76 /* main.m */; };
		0E1721961E893E2E00261E76 /* AppDelegate.m in Sources */ = {isa = PBXBuildFile; fileRef = 0E1721951E893E2E00261E76 /* AppDelegate.m */; };
		0E1721991E893E2E00261E76 /* ViewController.m in Sources */ = {isa = PBXBuildFile; fileRef = 0E1721981E893E2E00261E76 /* ViewController.m */; };
		0E17219C1E893E2E00261E76 /* Main.storyboard in Resources */ = {isa = PBXBuildFile; fileRef = 0E17219A1E893E2E00261E76 /* Main.storyboard */; };
		0E17219E1E893E2E00261E76 /* Assets.xcassets in Resources */ = {isa = PBXBuildFile; fileRef = 0E17219D1E893E2E00261E76 /* Assets.xcassets */; };
		0E1721A11E893E2E00261E76 /* LaunchScreen.storyboard in Resources */ = {isa = PBXBuildFile; fileRef = 0E17219F1E893E2E00261E76 /* LaunchScreen.storyboard */; };
		0E1721D21E893F4100261E76 /* Security.framework in Frameworks */ = {isa = PBXBuildFile; fileRef = 0E1721D11E893F4100261E76 /* Security.framework */; };
		0E1721D41E893F4800261E76 /* CFNetwork.framework in Frameworks */ = {isa = PBXBuildFile; fileRef = 0E1721D31E893F4800261E76 /* CFNetwork.framework */; };
		0E1721D61E893F5000261E76 /* libz.tbd in Frameworks */ = {isa = PBXBuildFile; fileRef = 0E1721D51E893F5000261E76 /* libz.tbd */; };
		0E1721D81E893F7600261E76 /* NMSSH.framework in Frameworks */ = {isa = PBXBuildFile; fileRef = 0E1721D71E893F7600261E76 /* NMSSH.framework */; };
		0E1721DD1E8940BC00261E76 /* Status.py in Resources */ = {isa = PBXBuildFile; fileRef = 0E1721DC1E8940BC00261E76 /* Status.py */; };
		0E1721DF1E8981A900261E76 /* PasswordManager.py in Resources */ = {isa = PBXBuildFile; fileRef = 0E1721DE1E8981A900261E76 /* PasswordManager.py */; };
		0E1721E21E898CFD00261E76 /* RemoteManager.m in Sources */ = {isa = PBXBuildFile; fileRef = 0E1721E11E898CFD00261E76 /* RemoteManager.m */; };
		0E1721E91E8DC7E400261E76 /* KeychainConfiguration.swift in Sources */ = {isa = PBXBuildFile; fileRef = 0E1721E51E8DC7E400261E76 /* KeychainConfiguration.swift */; };
		0E1721EA1E8DC7E400261E76 /* KeychainController.m in Sources */ = {isa = PBXBuildFile; fileRef = 0E1721E71E8DC7E400261E76 /* KeychainController.m */; };
		0E1721EB1E8DC7E400261E76 /* KeychainPasswordItem.swift in Sources */ = {isa = PBXBuildFile; fileRef = 0E1721E81E8DC7E400261E76 /* KeychainPasswordItem.swift */; };
		0E45A0601E8F018B006425E3 /* TaskWithOptions.m in Sources */ = {isa = PBXBuildFile; fileRef = 0E45A05F1E8F018B006425E3 /* TaskWithOptions.m */; };
		0E45A0631E8F04DD006425E3 /* AddTorrentTask.m in Sources */ = {isa = PBXBuildFile; fileRef = 0E45A0621E8F04DD006425E3 /* AddTorrentTask.m */; };
		0E45A0661E8F0645006425E3 /* SetTorrentOptionsTask.m in Sources */ = {isa = PBXBuildFile; fileRef = 0E45A0651E8F0645006425E3 /* SetTorrentOptionsTask.m */; };
		0E45A06B1E8FD698006425E3 /* TorrentTask.m in Sources */ = {isa = PBXBuildFile; fileRef = 0E45A06A1E8FD698006425E3 /* TorrentTask.m */; };
		0E45A06E1E8FD6B7006425E3 /* GetDataTask.m in Sources */ = {isa = PBXBuildFile; fileRef = 0E45A06D1E8FD6B7006425E3 /* GetDataTask.m */; };
		0E45A0701E8FD700006425E3 /* Task.py in Resources */ = {isa = PBXBuildFile; fileRef = 0E45A06F1E8FD700006425E3 /* Task.py */; };
		0E45A0761E914A2B006425E3 /* AddViewController.m in Sources */ = {isa = PBXBuildFile; fileRef = 0E45A0751E914A2B006425E3 /* AddViewController.m */; };
		0E45A0791E9D9631006425E3 /* ClientPropertyCell.m in Sources */ = {isa = PBXBuildFile; fileRef = 0E45A0781E9D9631006425E3 /* ClientPropertyCell.m */; };
		0E45A07C1E9F8072006425E3 /* StepperPropertyCell.m in Sources */ = {isa = PBXBuildFile; fileRef = 0E45A07B1E9F8072006425E3 /* StepperPropertyCell.m */; };
		0E45A07F1E9F80AA006425E3 /* SwitchPropertyCell.m in Sources */ = {isa = PBXBuildFile; fileRef = 0E45A07E1E9F80AA006425E3 /* SwitchPropertyCell.m */; };
		0E88F62B1E8DDF6300A1B621 /* icon_22x29.png in Resources */ = {isa = PBXBuildFile; fileRef = 0E88F6271E8DDF6300A1B621 /* icon_22x29.png */; };
		0E88F62C1E8DDF6300A1B621 /* icon_320x320.png in Resources */ = {isa = PBXBuildFile; fileRef = 0E88F6281E8DDF6300A1B621 /* icon_320x320.png */; };
		0E88F62D1E8DDF6300A1B621 /* icon_44x58.png in Resources */ = {isa = PBXBuildFile; fileRef = 0E88F6291E8DDF6300A1B621 /* icon_44x58.png */; };
		0E88F62E1E8DDF6300A1B621 /* icon_64x64.png in Resources */ = {isa = PBXBuildFile; fileRef = 0E88F62A1E8DDF6300A1B621 /* icon_64x64.png */; };
		0E88F6311E8E31C200A1B621 /* TaskManager.m in Sources */ = {isa = PBXBuildFile; fileRef = 0E88F6301E8E31C200A1B621 /* TaskManager.m */; };
		0EBF8B561EC132AF00C1E738 /* AddViewDirectoryController.m in Sources */ = {isa = PBXBuildFile; fileRef = 0EBF8B551EC132AF00C1E738 /* AddViewDirectoryController.m */; };
		0EBF8B781EC152C800C1E738 /* RABatchChangeEntity.m in Sources */ = {isa = PBXBuildFile; fileRef = 0EBF8B5A1EC152C800C1E738 /* RABatchChangeEntity.m */; };
		0EBF8B791EC152C800C1E738 /* RABatchChanges.m in Sources */ = {isa = PBXBuildFile; fileRef = 0EBF8B5C1EC152C800C1E738 /* RABatchChanges.m */; };
		0EBF8B7A1EC152C800C1E738 /* RATableView.m in Sources */ = {isa = PBXBuildFile; fileRef = 0EBF8B5E1EC152C800C1E738 /* RATableView.m */; };
		0EBF8B7B1EC152C800C1E738 /* RATreeNode.m in Sources */ = {isa = PBXBuildFile; fileRef = 0EBF8B601EC152C800C1E738 /* RATreeNode.m */; };
		0EBF8B7C1EC152C800C1E738 /* RATreeNodeCollectionController.m in Sources */ = {isa = PBXBuildFile; fileRef = 0EBF8B631EC152C800C1E738 /* RATreeNodeCollectionController.m */; };
		0EBF8B7D1EC152C800C1E738 /* RATreeNodeController.m in Sources */ = {isa = PBXBuildFile; fileRef = 0EBF8B651EC152C800C1E738 /* RATreeNodeController.m */; };
		0EBF8B7E1EC152C800C1E738 /* RATreeNodeItem+Private.m in Sources */ = {isa = PBXBuildFile; fileRef = 0EBF8B681EC152C800C1E738 /* RATreeNodeItem+Private.m */; };
		0EBF8B7F1EC152C800C1E738 /* RATreeNodeItem.m in Sources */ = {isa = PBXBuildFile; fileRef = 0EBF8B6A1EC152C800C1E738 /* RATreeNodeItem.m */; };
		0EBF8B801EC152C800C1E738 /* RATreeView+Enums.m in Sources */ = {isa = PBXBuildFile; fileRef = 0EBF8B6C1EC152C800C1E738 /* RATreeView+Enums.m */; };
		0EBF8B811EC152C800C1E738 /* RATreeView+Private.m in Sources */ = {isa = PBXBuildFile; fileRef = 0EBF8B6E1EC152C800C1E738 /* RATreeView+Private.m */; };
		0EBF8B821EC152C800C1E738 /* RATreeView+RATreeNodeCollectionControllerDataSource.m in Sources */ = {isa = PBXBuildFile; fileRef = 0EBF8B701EC152C800C1E738 /* RATreeView+RATreeNodeCollectionControllerDataSource.m */; };
		0EBF8B831EC152C800C1E738 /* RATreeView+TableViewDataSource.m in Sources */ = {isa = PBXBuildFile; fileRef = 0EBF8B721EC152C800C1E738 /* RATreeView+TableViewDataSource.m */; };
		0EBF8B841EC152C800C1E738 /* RATreeView+TableViewDelegate.m in Sources */ = {isa = PBXBuildFile; fileRef = 0EBF8B741EC152C800C1E738 /* RATreeView+TableViewDelegate.m */; };
		0EBF8B851EC152C800C1E738 /* RATreeView.m in Sources */ = {isa = PBXBuildFile; fileRef = 0EBF8B771EC152C800C1E738 /* RATreeView.m */; };
		0EBF8BD51EC158EB00C1E738 /* RADataObject.m in Sources */ = {isa = PBXBuildFile; fileRef = 0EBF8BD11EC158EB00C1E738 /* RADataObject.m */; };
		0EBF8BD61EC158EB00C1E738 /* RATableViewCell.m in Sources */ = {isa = PBXBuildFile; fileRef = 0EBF8BD31EC158EB00C1E738 /* RATableViewCell.m */; };
/* End PBXBuildFile section */

/* Begin PBXFileReference section */
		0E17218E1E893E2E00261E76 /* Deluge Remote.app */ = {isa = PBXFileReference; explicitFileType = wrapper.application; includeInIndex = 0; path = "Deluge Remote.app"; sourceTree = BUILT_PRODUCTS_DIR; };
		0E1721921E893E2E00261E76 /* main.m */ = {isa = PBXFileReference; lastKnownFileType = sourcecode.c.objc; path = main.m; sourceTree = "<group>"; };
		0E1721941E893E2E00261E76 /* AppDelegate.h */ = {isa = PBXFileReference; lastKnownFileType = sourcecode.c.h; path = AppDelegate.h; sourceTree = "<group>"; };
		0E1721951E893E2E00261E76 /* AppDelegate.m */ = {isa = PBXFileReference; lastKnownFileType = sourcecode.c.objc; path = AppDelegate.m; sourceTree = "<group>"; };
		0E1721971E893E2E00261E76 /* ViewController.h */ = {isa = PBXFileReference; lastKnownFileType = sourcecode.c.h; path = ViewController.h; sourceTree = "<group>"; };
		0E1721981E893E2E00261E76 /* ViewController.m */ = {isa = PBXFileReference; lastKnownFileType = sourcecode.c.objc; path = ViewController.m; sourceTree = "<group>"; };
		0E17219B1E893E2E00261E76 /* Base */ = {isa = PBXFileReference; lastKnownFileType = file.storyboard; name = Base; path = Base.lproj/Main.storyboard; sourceTree = "<group>"; };
		0E17219D1E893E2E00261E76 /* Assets.xcassets */ = {isa = PBXFileReference; lastKnownFileType = folder.assetcatalog; path = Assets.xcassets; sourceTree = "<group>"; };
		0E1721A01E893E2E00261E76 /* Base */ = {isa = PBXFileReference; lastKnownFileType = file.storyboard; name = Base; path = Base.lproj/LaunchScreen.storyboard; sourceTree = "<group>"; };
		0E1721A21E893E2E00261E76 /* Info.plist */ = {isa = PBXFileReference; lastKnownFileType = text.plist.xml; path = Info.plist; sourceTree = "<group>"; };
		0E1721D11E893F4100261E76 /* Security.framework */ = {isa = PBXFileReference; lastKnownFileType = wrapper.framework; name = Security.framework; path = System/Library/Frameworks/Security.framework; sourceTree = SDKROOT; };
		0E1721D31E893F4800261E76 /* CFNetwork.framework */ = {isa = PBXFileReference; lastKnownFileType = wrapper.framework; name = CFNetwork.framework; path = System/Library/Frameworks/CFNetwork.framework; sourceTree = SDKROOT; };
		0E1721D51E893F5000261E76 /* libz.tbd */ = {isa = PBXFileReference; lastKnownFileType = "sourcecode.text-based-dylib-definition"; name = libz.tbd; path = usr/lib/libz.tbd; sourceTree = SDKROOT; };
		0E1721D71E893F7600261E76 /* NMSSH.framework */ = {isa = PBXFileReference; lastKnownFileType = wrapper.framework; path = NMSSH.framework; sourceTree = "<group>"; };
		0E1721DC1E8940BC00261E76 /* Status.py */ = {isa = PBXFileReference; fileEncoding = 4; lastKnownFileType = text.script.python; path = Status.py; sourceTree = "<group>"; };
		0E1721DE1E8981A900261E76 /* PasswordManager.py */ = {isa = PBXFileReference; fileEncoding = 4; lastKnownFileType = text.script.python; path = PasswordManager.py; sourceTree = "<group>"; };
		0E1721E01E898CFD00261E76 /* RemoteManager.h */ = {isa = PBXFileReference; fileEncoding = 4; lastKnownFileType = sourcecode.c.h; path = RemoteManager.h; sourceTree = "<group>"; };
		0E1721E11E898CFD00261E76 /* RemoteManager.m */ = {isa = PBXFileReference; fileEncoding = 4; lastKnownFileType = sourcecode.c.objc; path = RemoteManager.m; sourceTree = "<group>"; };
		0E1721E31E8DC79200261E76 /* Deluge Remote.entitlements */ = {isa = PBXFileReference; lastKnownFileType = text.plist.entitlements; path = "Deluge Remote.entitlements"; sourceTree = "<group>"; };
		0E1721E41E8DC7E300261E76 /* Deluge Remote-Bridging-Header.h */ = {isa = PBXFileReference; lastKnownFileType = sourcecode.c.h; path = "Deluge Remote-Bridging-Header.h"; sourceTree = "<group>"; };
		0E1721E51E8DC7E400261E76 /* KeychainConfiguration.swift */ = {isa = PBXFileReference; fileEncoding = 4; lastKnownFileType = sourcecode.swift; path = KeychainConfiguration.swift; sourceTree = "<group>"; };
		0E1721E61E8DC7E400261E76 /* KeychainController.h */ = {isa = PBXFileReference; fileEncoding = 4; lastKnownFileType = sourcecode.c.h; path = KeychainController.h; sourceTree = "<group>"; };
		0E1721E71E8DC7E400261E76 /* KeychainController.m */ = {isa = PBXFileReference; fileEncoding = 4; lastKnownFileType = sourcecode.c.objc; path = KeychainController.m; sourceTree = "<group>"; };
		0E1721E81E8DC7E400261E76 /* KeychainPasswordItem.swift */ = {isa = PBXFileReference; fileEncoding = 4; lastKnownFileType = sourcecode.swift; path = KeychainPasswordItem.swift; sourceTree = "<group>"; };
		0E45A05E1E8F018B006425E3 /* TaskWithOptions.h */ = {isa = PBXFileReference; fileEncoding = 4; lastKnownFileType = sourcecode.c.h; path = TaskWithOptions.h; sourceTree = "<group>"; };
		0E45A05F1E8F018B006425E3 /* TaskWithOptions.m */ = {isa = PBXFileReference; fileEncoding = 4; lastKnownFileType = sourcecode.c.objc; path = TaskWithOptions.m; sourceTree = "<group>"; };
		0E45A0611E8F04DD006425E3 /* AddTorrentTask.h */ = {isa = PBXFileReference; fileEncoding = 4; lastKnownFileType = sourcecode.c.h; path = AddTorrentTask.h; sourceTree = "<group>"; };
		0E45A0621E8F04DD006425E3 /* AddTorrentTask.m */ = {isa = PBXFileReference; fileEncoding = 4; lastKnownFileType = sourcecode.c.objc; path = AddTorrentTask.m; sourceTree = "<group>"; };
		0E45A0641E8F0645006425E3 /* SetTorrentOptionsTask.h */ = {isa = PBXFileReference; fileEncoding = 4; lastKnownFileType = sourcecode.c.h; path = SetTorrentOptionsTask.h; sourceTree = "<group>"; };
		0E45A0651E8F0645006425E3 /* SetTorrentOptionsTask.m */ = {isa = PBXFileReference; fileEncoding = 4; lastKnownFileType = sourcecode.c.objc; path = SetTorrentOptionsTask.m; sourceTree = "<group>"; };
		0E45A0691E8FD698006425E3 /* TorrentTask.h */ = {isa = PBXFileReference; fileEncoding = 4; lastKnownFileType = sourcecode.c.h; path = TorrentTask.h; sourceTree = "<group>"; };
		0E45A06A1E8FD698006425E3 /* TorrentTask.m */ = {isa = PBXFileReference; fileEncoding = 4; lastKnownFileType = sourcecode.c.objc; path = TorrentTask.m; sourceTree = "<group>"; };
		0E45A06C1E8FD6B7006425E3 /* GetDataTask.h */ = {isa = PBXFileReference; fileEncoding = 4; lastKnownFileType = sourcecode.c.h; path = GetDataTask.h; sourceTree = "<group>"; };
		0E45A06D1E8FD6B7006425E3 /* GetDataTask.m */ = {isa = PBXFileReference; fileEncoding = 4; lastKnownFileType = sourcecode.c.objc; path = GetDataTask.m; sourceTree = "<group>"; };
		0E45A06F1E8FD700006425E3 /* Task.py */ = {isa = PBXFileReference; fileEncoding = 4; lastKnownFileType = text.script.python; path = Task.py; sourceTree = "<group>"; };
		0E45A0741E914A2B006425E3 /* AddViewController.h */ = {isa = PBXFileReference; fileEncoding = 4; lastKnownFileType = sourcecode.c.h; path = AddViewController.h; sourceTree = "<group>"; };
		0E45A0751E914A2B006425E3 /* AddViewController.m */ = {isa = PBXFileReference; fileEncoding = 4; lastKnownFileType = sourcecode.c.objc; path = AddViewController.m; sourceTree = "<group>"; };
		0E45A0771E9D9631006425E3 /* ClientPropertyCell.h */ = {isa = PBXFileReference; fileEncoding = 4; lastKnownFileType = sourcecode.c.h; path = ClientPropertyCell.h; sourceTree = "<group>"; };
		0E45A0781E9D9631006425E3 /* ClientPropertyCell.m */ = {isa = PBXFileReference; fileEncoding = 4; lastKnownFileType = sourcecode.c.objc; path = ClientPropertyCell.m; sourceTree = "<group>"; };
		0E45A07A1E9F8072006425E3 /* StepperPropertyCell.h */ = {isa = PBXFileReference; fileEncoding = 4; lastKnownFileType = sourcecode.c.h; path = StepperPropertyCell.h; sourceTree = "<group>"; };
		0E45A07B1E9F8072006425E3 /* StepperPropertyCell.m */ = {isa = PBXFileReference; fileEncoding = 4; lastKnownFileType = sourcecode.c.objc; path = StepperPropertyCell.m; sourceTree = "<group>"; };
		0E45A07D1E9F80AA006425E3 /* SwitchPropertyCell.h */ = {isa = PBXFileReference; fileEncoding = 4; lastKnownFileType = sourcecode.c.h; path = SwitchPropertyCell.h; sourceTree = "<group>"; };
		0E45A07E1E9F80AA006425E3 /* SwitchPropertyCell.m */ = {isa = PBXFileReference; fileEncoding = 4; lastKnownFileType = sourcecode.c.objc; path = SwitchPropertyCell.m; sourceTree = "<group>"; };
		0E88F6271E8DDF6300A1B621 /* icon_22x29.png */ = {isa = PBXFileReference; lastKnownFileType = image.png; path = icon_22x29.png; sourceTree = "<group>"; };
		0E88F6281E8DDF6300A1B621 /* icon_320x320.png */ = {isa = PBXFileReference; lastKnownFileType = image.png; path = icon_320x320.png; sourceTree = "<group>"; };
		0E88F6291E8DDF6300A1B621 /* icon_44x58.png */ = {isa = PBXFileReference; lastKnownFileType = image.png; path = icon_44x58.png; sourceTree = "<group>"; };
		0E88F62A1E8DDF6300A1B621 /* icon_64x64.png */ = {isa = PBXFileReference; lastKnownFileType = image.png; path = icon_64x64.png; sourceTree = "<group>"; };
		0E88F62F1E8E31C200A1B621 /* TaskManager.h */ = {isa = PBXFileReference; fileEncoding = 4; lastKnownFileType = sourcecode.c.h; path = TaskManager.h; sourceTree = "<group>"; };
		0E88F6301E8E31C200A1B621 /* TaskManager.m */ = {isa = PBXFileReference; fileEncoding = 4; lastKnownFileType = sourcecode.c.objc; path = TaskManager.m; sourceTree = "<group>"; };
		0EBF8B541EC132AF00C1E738 /* AddViewDirectoryController.h */ = {isa = PBXFileReference; fileEncoding = 4; lastKnownFileType = sourcecode.c.h; path = AddViewDirectoryController.h; sourceTree = "<group>"; };
		0EBF8B551EC132AF00C1E738 /* AddViewDirectoryController.m */ = {isa = PBXFileReference; fileEncoding = 4; lastKnownFileType = sourcecode.c.objc; path = AddViewDirectoryController.m; sourceTree = "<group>"; };
		0EBF8B591EC152C800C1E738 /* RABatchChangeEntity.h */ = {isa = PBXFileReference; fileEncoding = 4; lastKnownFileType = sourcecode.c.h; path = RABatchChangeEntity.h; sourceTree = "<group>"; };
		0EBF8B5A1EC152C800C1E738 /* RABatchChangeEntity.m */ = {isa = PBXFileReference; fileEncoding = 4; lastKnownFileType = sourcecode.c.objc; path = RABatchChangeEntity.m; sourceTree = "<group>"; };
		0EBF8B5B1EC152C800C1E738 /* RABatchChanges.h */ = {isa = PBXFileReference; fileEncoding = 4; lastKnownFileType = sourcecode.c.h; path = RABatchChanges.h; sourceTree = "<group>"; };
		0EBF8B5C1EC152C800C1E738 /* RABatchChanges.m */ = {isa = PBXFileReference; fileEncoding = 4; lastKnownFileType = sourcecode.c.objc; path = RABatchChanges.m; sourceTree = "<group>"; };
		0EBF8B5D1EC152C800C1E738 /* RATableView.h */ = {isa = PBXFileReference; fileEncoding = 4; lastKnownFileType = sourcecode.c.h; path = RATableView.h; sourceTree = "<group>"; };
		0EBF8B5E1EC152C800C1E738 /* RATableView.m */ = {isa = PBXFileReference; fileEncoding = 4; lastKnownFileType = sourcecode.c.objc; path = RATableView.m; sourceTree = "<group>"; };
		0EBF8B5F1EC152C800C1E738 /* RATreeNode.h */ = {isa = PBXFileReference; fileEncoding = 4; lastKnownFileType = sourcecode.c.h; path = RATreeNode.h; sourceTree = "<group>"; };
		0EBF8B601EC152C800C1E738 /* RATreeNode.m */ = {isa = PBXFileReference; fileEncoding = 4; lastKnownFileType = sourcecode.c.objc; path = RATreeNode.m; sourceTree = "<group>"; };
		0EBF8B611EC152C800C1E738 /* RATreeNode_ClassExtension.h */ = {isa = PBXFileReference; fileEncoding = 4; lastKnownFileType = sourcecode.c.h; path = RATreeNode_ClassExtension.h; sourceTree = "<group>"; };
		0EBF8B621EC152C800C1E738 /* RATreeNodeCollectionController.h */ = {isa = PBXFileReference; fileEncoding = 4; lastKnownFileType = sourcecode.c.h; path = RATreeNodeCollectionController.h; sourceTree = "<group>"; };
		0EBF8B631EC152C800C1E738 /* RATreeNodeCollectionController.m */ = {isa = PBXFileReference; fileEncoding = 4; lastKnownFileType = sourcecode.c.objc; path = RATreeNodeCollectionController.m; sourceTree = "<group>"; };
		0EBF8B641EC152C800C1E738 /* RATreeNodeController.h */ = {isa = PBXFileReference; fileEncoding = 4; lastKnownFileType = sourcecode.c.h; path = RATreeNodeController.h; sourceTree = "<group>"; };
		0EBF8B651EC152C800C1E738 /* RATreeNodeController.m */ = {isa = PBXFileReference; fileEncoding = 4; lastKnownFileType = sourcecode.c.objc; path = RATreeNodeController.m; sourceTree = "<group>"; };
		0EBF8B661EC152C800C1E738 /* RATreeNodeItem+ClassExtension.h */ = {isa = PBXFileReference; fileEncoding = 4; lastKnownFileType = sourcecode.c.h; path = "RATreeNodeItem+ClassExtension.h"; sourceTree = "<group>"; };
		0EBF8B671EC152C800C1E738 /* RATreeNodeItem+Private.h */ = {isa = PBXFileReference; fileEncoding = 4; lastKnownFileType = sourcecode.c.h; path = "RATreeNodeItem+Private.h"; sourceTree = "<group>"; };
		0EBF8B681EC152C800C1E738 /* RATreeNodeItem+Private.m */ = {isa = PBXFileReference; fileEncoding = 4; lastKnownFileType = sourcecode.c.objc; path = "RATreeNodeItem+Private.m"; sourceTree = "<group>"; };
		0EBF8B691EC152C800C1E738 /* RATreeNodeItem.h */ = {isa = PBXFileReference; fileEncoding = 4; lastKnownFileType = sourcecode.c.h; path = RATreeNodeItem.h; sourceTree = "<group>"; };
		0EBF8B6A1EC152C800C1E738 /* RATreeNodeItem.m */ = {isa = PBXFileReference; fileEncoding = 4; lastKnownFileType = sourcecode.c.objc; path = RATreeNodeItem.m; sourceTree = "<group>"; };
		0EBF8B6B1EC152C800C1E738 /* RATreeView+Enums.h */ = {isa = PBXFileReference; fileEncoding = 4; lastKnownFileType = sourcecode.c.h; path = "RATreeView+Enums.h"; sourceTree = "<group>"; };
		0EBF8B6C1EC152C800C1E738 /* RATreeView+Enums.m */ = {isa = PBXFileReference; fileEncoding = 4; lastKnownFileType = sourcecode.c.objc; path = "RATreeView+Enums.m"; sourceTree = "<group>"; };
		0EBF8B6D1EC152C800C1E738 /* RATreeView+Private.h */ = {isa = PBXFileReference; fileEncoding = 4; lastKnownFileType = sourcecode.c.h; path = "RATreeView+Private.h"; sourceTree = "<group>"; };
		0EBF8B6E1EC152C800C1E738 /* RATreeView+Private.m */ = {isa = PBXFileReference; fileEncoding = 4; lastKnownFileType = sourcecode.c.objc; path = "RATreeView+Private.m"; sourceTree = "<group>"; };
		0EBF8B6F1EC152C800C1E738 /* RATreeView+RATreeNodeCollectionControllerDataSource.h */ = {isa = PBXFileReference; fileEncoding = 4; lastKnownFileType = sourcecode.c.h; path = "RATreeView+RATreeNodeCollectionControllerDataSource.h"; sourceTree = "<group>"; };
		0EBF8B701EC152C800C1E738 /* RATreeView+RATreeNodeCollectionControllerDataSource.m */ = {isa = PBXFileReference; fileEncoding = 4; lastKnownFileType = sourcecode.c.objc; path = "RATreeView+RATreeNodeCollectionControllerDataSource.m"; sourceTree = "<group>"; };
		0EBF8B711EC152C800C1E738 /* RATreeView+TableViewDataSource.h */ = {isa = PBXFileReference; fileEncoding = 4; lastKnownFileType = sourcecode.c.h; path = "RATreeView+TableViewDataSource.h"; sourceTree = "<group>"; };
		0EBF8B721EC152C800C1E738 /* RATreeView+TableViewDataSource.m */ = {isa = PBXFileReference; fileEncoding = 4; lastKnownFileType = sourcecode.c.objc; path = "RATreeView+TableViewDataSource.m"; sourceTree = "<group>"; };
		0EBF8B731EC152C800C1E738 /* RATreeView+TableViewDelegate.h */ = {isa = PBXFileReference; fileEncoding = 4; lastKnownFileType = sourcecode.c.h; path = "RATreeView+TableViewDelegate.h"; sourceTree = "<group>"; };
		0EBF8B741EC152C800C1E738 /* RATreeView+TableViewDelegate.m */ = {isa = PBXFileReference; fileEncoding = 4; lastKnownFileType = sourcecode.c.objc; path = "RATreeView+TableViewDelegate.m"; sourceTree = "<group>"; };
		0EBF8B751EC152C800C1E738 /* RATreeView_ClassExtension.h */ = {isa = PBXFileReference; fileEncoding = 4; lastKnownFileType = sourcecode.c.h; path = RATreeView_ClassExtension.h; sourceTree = "<group>"; };
		0EBF8B761EC152C800C1E738 /* RATreeView.h */ = {isa = PBXFileReference; fileEncoding = 4; lastKnownFileType = sourcecode.c.h; path = RATreeView.h; sourceTree = "<group>"; };
		0EBF8B771EC152C800C1E738 /* RATreeView.m */ = {isa = PBXFileReference; fileEncoding = 4; lastKnownFileType = sourcecode.c.objc; path = RATreeView.m; sourceTree = "<group>"; };
		0EBF8BD11EC158EB00C1E738 /* RADataObject.m */ = {isa = PBXFileReference; fileEncoding = 4; lastKnownFileType = sourcecode.c.objc; path = RADataObject.m; sourceTree = "<group>"; };
		0EBF8BD21EC158EB00C1E738 /* RATableViewCell.h */ = {isa = PBXFileReference; fileEncoding = 4; lastKnownFileType = sourcecode.c.h; path = RATableViewCell.h; sourceTree = "<group>"; };
		0EBF8BD31EC158EB00C1E738 /* RATableViewCell.m */ = {isa = PBXFileReference; fileEncoding = 4; lastKnownFileType = sourcecode.c.objc; path = RATableViewCell.m; sourceTree = "<group>"; };
		0EBF8BD71EC159B500C1E738 /* RADataObject.h */ = {isa = PBXFileReference; fileEncoding = 4; lastKnownFileType = sourcecode.c.h; path = RADataObject.h; sourceTree = "<group>"; };
/* End PBXFileReference section */

/* Begin PBXFrameworksBuildPhase section */
		0E17218B1E893E2E00261E76 /* Frameworks */ = {
			isa = PBXFrameworksBuildPhase;
			buildActionMask = 2147483647;
			files = (
				0E1721D81E893F7600261E76 /* NMSSH.framework in Frameworks */,
				0E1721D61E893F5000261E76 /* libz.tbd in Frameworks */,
				0E1721D41E893F4800261E76 /* CFNetwork.framework in Frameworks */,
				0E1721D21E893F4100261E76 /* Security.framework in Frameworks */,
			);
			runOnlyForDeploymentPostprocessing = 0;
		};
/* End PBXFrameworksBuildPhase section */

/* Begin PBXGroup section */
		0E1721851E893E2E00261E76 = {
			isa = PBXGroup;
			children = (
				0E1721DB1E8940BC00261E76 /* Resources */,
				0E1721901E893E2E00261E76 /* Deluge Remote */,
				0E17218F1E893E2E00261E76 /* Products */,
				0E1721CE1E893F2F00261E76 /* Frameworks */,
			);
			sourceTree = "<group>";
		};
		0E17218F1E893E2E00261E76 /* Products */ = {
			isa = PBXGroup;
			children = (
				0E17218E1E893E2E00261E76 /* Deluge Remote.app */,
			);
			name = Products;
			sourceTree = "<group>";
		};
		0E1721901E893E2E00261E76 /* Deluge Remote */ = {
			isa = PBXGroup;
			children = (
				0E1721E31E8DC79200261E76 /* Deluge Remote.entitlements */,
				0E1721941E893E2E00261E76 /* AppDelegate.h */,
				0E1721951E893E2E00261E76 /* AppDelegate.m */,
				0E1721971E893E2E00261E76 /* ViewController.h */,
				0E1721981E893E2E00261E76 /* ViewController.m */,
				0E45A0741E914A2B006425E3 /* AddViewController.h */,
				0E45A0751E914A2B006425E3 /* AddViewController.m */,
				0EBF8B541EC132AF00C1E738 /* AddViewDirectoryController.h */,
				0EBF8B551EC132AF00C1E738 /* AddViewDirectoryController.m */,
				0E88F62F1E8E31C200A1B621 /* TaskManager.h */,
				0E88F6301E8E31C200A1B621 /* TaskManager.m */,
				0E1721E01E898CFD00261E76 /* RemoteManager.h */,
				0E1721E11E898CFD00261E76 /* RemoteManager.m */,
				0E45A0771E9D9631006425E3 /* ClientPropertyCell.h */,
				0E45A0781E9D9631006425E3 /* ClientPropertyCell.m */,
				0E45A07A1E9F8072006425E3 /* StepperPropertyCell.h */,
				0E45A07B1E9F8072006425E3 /* StepperPropertyCell.m */,
				0E45A07D1E9F80AA006425E3 /* SwitchPropertyCell.h */,
				0E45A07E1E9F80AA006425E3 /* SwitchPropertyCell.m */,
				0E45A0681E8F085E006425E3 /* Torrent Tasks */,
				0E45A0671E8F084E006425E3 /* Keychain */,
				0EBF8B571EC152C800C1E738 /* RATreeView */,
				0E17219A1E893E2E00261E76 /* Main.storyboard */,
				0E17219D1E893E2E00261E76 /* Assets.xcassets */,
				0E17219F1E893E2E00261E76 /* LaunchScreen.storyboard */,
				0E1721A21E893E2E00261E76 /* Info.plist */,
				0E1721911E893E2E00261E76 /* Supporting Files */,
				0E1721E41E8DC7E300261E76 /* Deluge Remote-Bridging-Header.h */,
			);
			path = "Deluge Remote";
			sourceTree = "<group>";
		};
		0E1721911E893E2E00261E76 /* Supporting Files */ = {
			isa = PBXGroup;
			children = (
				0E1721921E893E2E00261E76 /* main.m */,
			);
			name = "Supporting Files";
			sourceTree = "<group>";
		};
		0E1721CE1E893F2F00261E76 /* Frameworks */ = {
			isa = PBXGroup;
			children = (
				0E1721D71E893F7600261E76 /* NMSSH.framework */,
				0E1721D51E893F5000261E76 /* libz.tbd */,
				0E1721D31E893F4800261E76 /* CFNetwork.framework */,
				0E1721D11E893F4100261E76 /* Security.framework */,
			);
			name = Frameworks;
			sourceTree = "<group>";
		};
		0E1721DB1E8940BC00261E76 /* Resources */ = {
			isa = PBXGroup;
			children = (
				0E88F6261E8DDF6300A1B621 /* Images */,
				0E1721DE1E8981A900261E76 /* PasswordManager.py */,
				0E1721DC1E8940BC00261E76 /* Status.py */,
				0E45A06F1E8FD700006425E3 /* Task.py */,
			);
			path = Resources;
			sourceTree = "<group>";
		};
		0E45A0671E8F084E006425E3 /* Keychain */ = {
			isa = PBXGroup;
			children = (
				0E1721E81E8DC7E400261E76 /* KeychainPasswordItem.swift */,
				0E1721E51E8DC7E400261E76 /* KeychainConfiguration.swift */,
				0E1721E61E8DC7E400261E76 /* KeychainController.h */,
				0E1721E71E8DC7E400261E76 /* KeychainController.m */,
			);
			name = Keychain;
			sourceTree = "<group>";
		};
		0E45A0681E8F085E006425E3 /* Torrent Tasks */ = {
			isa = PBXGroup;
			children = (
				0E45A0691E8FD698006425E3 /* TorrentTask.h */,
				0E45A06A1E8FD698006425E3 /* TorrentTask.m */,
				0E45A06C1E8FD6B7006425E3 /* GetDataTask.h */,
				0E45A06D1E8FD6B7006425E3 /* GetDataTask.m */,
				0E45A05E1E8F018B006425E3 /* TaskWithOptions.h */,
				0E45A05F1E8F018B006425E3 /* TaskWithOptions.m */,
				0E45A0611E8F04DD006425E3 /* AddTorrentTask.h */,
				0E45A0621E8F04DD006425E3 /* AddTorrentTask.m */,
				0E45A0641E8F0645006425E3 /* SetTorrentOptionsTask.h */,
				0E45A0651E8F0645006425E3 /* SetTorrentOptionsTask.m */,
			);
			name = "Torrent Tasks";
			sourceTree = "<group>";
		};
		0E88F6261E8DDF6300A1B621 /* Images */ = {
			isa = PBXGroup;
			children = (
				0E88F6271E8DDF6300A1B621 /* icon_22x29.png */,
				0E88F6281E8DDF6300A1B621 /* icon_320x320.png */,
				0E88F6291E8DDF6300A1B621 /* icon_44x58.png */,
				0E88F62A1E8DDF6300A1B621 /* icon_64x64.png */,
			);
			path = Images;
			sourceTree = "<group>";
		};
		0EBF8B571EC152C800C1E738 /* RATreeView */ = {
			isa = PBXGroup;
			children = (
				0EBF8BD71EC159B500C1E738 /* RADataObject.h */,
				0EBF8BD11EC158EB00C1E738 /* RADataObject.m */,
				0EBF8BD21EC158EB00C1E738 /* RATableViewCell.h */,
				0EBF8BD31EC158EB00C1E738 /* RATableViewCell.m */,
				0EBF8B581EC152C800C1E738 /* Private Files */,
				0EBF8B761EC152C800C1E738 /* RATreeView.h */,
				0EBF8B771EC152C800C1E738 /* RATreeView.m */,
			);
			path = RATreeView;
			sourceTree = "<group>";
		};
		0EBF8B581EC152C800C1E738 /* Private Files */ = {
			isa = PBXGroup;
			children = (
				0EBF8B591EC152C800C1E738 /* RABatchChangeEntity.h */,
				0EBF8B5A1EC152C800C1E738 /* RABatchChangeEntity.m */,
				0EBF8B5B1EC152C800C1E738 /* RABatchChanges.h */,
				0EBF8B5C1EC152C800C1E738 /* RABatchChanges.m */,
				0EBF8B5D1EC152C800C1E738 /* RATableView.h */,
				0EBF8B5E1EC152C800C1E738 /* RATableView.m */,
				0EBF8B5F1EC152C800C1E738 /* RATreeNode.h */,
				0EBF8B601EC152C800C1E738 /* RATreeNode.m */,
				0EBF8B611EC152C800C1E738 /* RATreeNode_ClassExtension.h */,
				0EBF8B621EC152C800C1E738 /* RATreeNodeCollectionController.h */,
				0EBF8B631EC152C800C1E738 /* RATreeNodeCollectionController.m */,
				0EBF8B641EC152C800C1E738 /* RATreeNodeController.h */,
				0EBF8B651EC152C800C1E738 /* RATreeNodeController.m */,
				0EBF8B661EC152C800C1E738 /* RATreeNodeItem+ClassExtension.h */,
				0EBF8B671EC152C800C1E738 /* RATreeNodeItem+Private.h */,
				0EBF8B681EC152C800C1E738 /* RATreeNodeItem+Private.m */,
				0EBF8B691EC152C800C1E738 /* RATreeNodeItem.h */,
				0EBF8B6A1EC152C800C1E738 /* RATreeNodeItem.m */,
				0EBF8B6B1EC152C800C1E738 /* RATreeView+Enums.h */,
				0EBF8B6C1EC152C800C1E738 /* RATreeView+Enums.m */,
				0EBF8B6D1EC152C800C1E738 /* RATreeView+Private.h */,
				0EBF8B6E1EC152C800C1E738 /* RATreeView+Private.m */,
				0EBF8B6F1EC152C800C1E738 /* RATreeView+RATreeNodeCollectionControllerDataSource.h */,
				0EBF8B701EC152C800C1E738 /* RATreeView+RATreeNodeCollectionControllerDataSource.m */,
				0EBF8B711EC152C800C1E738 /* RATreeView+TableViewDataSource.h */,
				0EBF8B721EC152C800C1E738 /* RATreeView+TableViewDataSource.m */,
				0EBF8B731EC152C800C1E738 /* RATreeView+TableViewDelegate.h */,
				0EBF8B741EC152C800C1E738 /* RATreeView+TableViewDelegate.m */,
				0EBF8B751EC152C800C1E738 /* RATreeView_ClassExtension.h */,
			);
			path = "Private Files";
			sourceTree = "<group>";
		};
/* End PBXGroup section */

/* Begin PBXNativeTarget section */
		0E17218D1E893E2E00261E76 /* Deluge Remote */ = {
			isa = PBXNativeTarget;
			buildConfigurationList = 0E1721A51E893E2E00261E76 /* Build configuration list for PBXNativeTarget "Deluge Remote" */;
			buildPhases = (
				0E17218A1E893E2E00261E76 /* Sources */,
				0E17218B1E893E2E00261E76 /* Frameworks */,
				0E17218C1E893E2E00261E76 /* Resources */,
			);
			buildRules = (
			);
			dependencies = (
			);
			name = "Deluge Remote";
			productName = "Deluge Remote";
			productReference = 0E17218E1E893E2E00261E76 /* Deluge Remote.app */;
			productType = "com.apple.product-type.application";
		};
/* End PBXNativeTarget section */

/* Begin PBXProject section */
		0E1721861E893E2E00261E76 /* Project object */ = {
			isa = PBXProject;
			attributes = {
				LastUpgradeCheck = 0820;
				ORGANIZATIONNAME = isklikas;
				TargetAttributes = {
					0E17218D1E893E2E00261E76 = {
						CreatedOnToolsVersion = 8.2.1;
						DevelopmentTeam = 6E75K4G54T;
						LastSwiftMigration = 0820;
						ProvisioningStyle = Automatic;
						SystemCapabilities = {
							com.apple.Keychain = {
								enabled = 1;
							};
						};
					};
				};
			};
			buildConfigurationList = 0E1721891E893E2E00261E76 /* Build configuration list for PBXProject "Deluge Remote" */;
			compatibilityVersion = "Xcode 3.2";
			developmentRegion = English;
			hasScannedForEncodings = 0;
			knownRegions = (
				en,
				Base,
			);
			mainGroup = 0E1721851E893E2E00261E76;
			productRefGroup = 0E17218F1E893E2E00261E76 /* Products */;
			projectDirPath = "";
			projectRoot = "";
			targets = (
				0E17218D1E893E2E00261E76 /* Deluge Remote */,
			);
		};
/* End PBXProject section */

/* Begin PBXResourcesBuildPhase section */
		0E17218C1E893E2E00261E76 /* Resources */ = {
			isa = PBXResourcesBuildPhase;
			buildActionMask = 2147483647;
			files = (
				0E88F62E1E8DDF6300A1B621 /* icon_64x64.png in Resources */,
				0E1721DF1E8981A900261E76 /* PasswordManager.py in Resources */,
				0E1721DD1E8940BC00261E76 /* Status.py in Resources */,
				0E1721A11E893E2E00261E76 /* LaunchScreen.storyboard in Resources */,
				0E88F62C1E8DDF6300A1B621 /* icon_320x320.png in Resources */,
				0E45A0701E8FD700006425E3 /* Task.py in Resources */,
				0E17219E1E893E2E00261E76 /* Assets.xcassets in Resources */,
				0E88F62B1E8DDF6300A1B621 /* icon_22x29.png in Resources */,
				0E88F62D1E8DDF6300A1B621 /* icon_44x58.png in Resources */,
				0E17219C1E893E2E00261E76 /* Main.storyboard in Resources */,
			);
			runOnlyForDeploymentPostprocessing = 0;
		};
/* End PBXResourcesBuildPhase section */

/* Begin PBXSourcesBuildPhase section */
		0E17218A1E893E2E00261E76 /* Sources */ = {
			isa = PBXSourcesBuildPhase;
			buildActionMask = 2147483647;
			files = (
				0E1721991E893E2E00261E76 /* ViewController.m in Sources */,
				0E45A0631E8F04DD006425E3 /* AddTorrentTask.m in Sources */,
				0EBF8B7E1EC152C800C1E738 /* RATreeNodeItem+Private.m in Sources */,
				0EBF8B7F1EC152C800C1E738 /* RATreeNodeItem.m in Sources */,
				0E45A0661E8F0645006425E3 /* SetTorrentOptionsTask.m in Sources */,
				0EBF8B851EC152C800C1E738 /* RATreeView.m in Sources */,
				0E45A07F1E9F80AA006425E3 /* SwitchPropertyCell.m in Sources */,
				0EBF8B831EC152C800C1E738 /* RATreeView+TableViewDataSource.m in Sources */,
				0E45A0791E9D9631006425E3 /* ClientPropertyCell.m in Sources */,
				0E1721E21E898CFD00261E76 /* RemoteManager.m in Sources */,
				0E45A0601E8F018B006425E3 /* TaskWithOptions.m in Sources */,
				0EBF8B801EC152C800C1E738 /* RATreeView+Enums.m in Sources */,
				0EBF8B821EC152C800C1E738 /* RATreeView+RATreeNodeCollectionControllerDataSource.m in Sources */,
				0E45A06B1E8FD698006425E3 /* TorrentTask.m in Sources */,
				0EBF8B7B1EC152C800C1E738 /* RATreeNode.m in Sources */,
				0E45A06E1E8FD6B7006425E3 /* GetDataTask.m in Sources */,
				0EBF8B781EC152C800C1E738 /* RABatchChangeEntity.m in Sources */,
				0E45A07C1E9F8072006425E3 /* StepperPropertyCell.m in Sources */,
				0E1721961E893E2E00261E76 /* AppDelegate.m in Sources */,
				0EBF8B7A1EC152C800C1E738 /* RATableView.m in Sources */,
				0EBF8BD51EC158EB00C1E738 /* RADataObject.m in Sources */,
				0EBF8B7D1EC152C800C1E738 /* RATreeNodeController.m in Sources */,
				0EBF8B7C1EC152C800C1E738 /* RATreeNodeCollectionController.m in Sources */,
				0EBF8B561EC132AF00C1E738 /* AddViewDirectoryController.m in Sources */,
				0EBF8BD61EC158EB00C1E738 /* RATableViewCell.m in Sources */,
				0E1721EB1E8DC7E400261E76 /* KeychainPasswordItem.swift in Sources */,
				0E1721EA1E8DC7E400261E76 /* KeychainController.m in Sources */,
				0EBF8B841EC152C800C1E738 /* RATreeView+TableViewDelegate.m in Sources */,
				0E45A0761E914A2B006425E3 /* AddViewController.m in Sources */,
				0E1721931E893E2E00261E76 /* main.m in Sources */,
				0EBF8B791EC152C800C1E738 /* RABatchChanges.m in Sources */,
				0E88F6311E8E31C200A1B621 /* TaskManager.m in Sources */,
				0E1721E91E8DC7E400261E76 /* KeychainConfiguration.swift in Sources */,
				0EBF8B811EC152C800C1E738 /* RATreeView+Private.m in Sources */,
			);
			runOnlyForDeploymentPostprocessing = 0;
		};
/* End PBXSourcesBuildPhase section */

/* Begin PBXVariantGroup section */
		0E17219A1E893E2E00261E76 /* Main.storyboard */ = {
			isa = PBXVariantGroup;
			children = (
				0E17219B1E893E2E00261E76 /* Base */,
			);
			name = Main.storyboard;
			sourceTree = "<group>";
		};
		0E17219F1E893E2E00261E76 /* LaunchScreen.storyboard */ = {
			isa = PBXVariantGroup;
			children = (
				0E1721A01E893E2E00261E76 /* Base */,
			);
			name = LaunchScreen.storyboard;
			sourceTree = "<group>";
		};
/* End PBXVariantGroup section */

/* Begin XCBuildConfiguration section */
		0E1721A31E893E2E00261E76 /* Debug */ = {
			isa = XCBuildConfiguration;
			buildSettings = {
				ALWAYS_SEARCH_USER_PATHS = NO;
				CLANG_ANALYZER_NONNULL = YES;
				CLANG_CXX_LANGUAGE_STANDARD = "gnu++0x";
				CLANG_CXX_LIBRARY = "libc++";
				CLANG_ENABLE_MODULES = YES;
				CLANG_ENABLE_OBJC_ARC = YES;
				CLANG_WARN_BOOL_CONVERSION = YES;
				CLANG_WARN_CONSTANT_CONVERSION = YES;
				CLANG_WARN_DIRECT_OBJC_ISA_USAGE = YES_ERROR;
				CLANG_WARN_DOCUMENTATION_COMMENTS = YES;
				CLANG_WARN_EMPTY_BODY = YES;
				CLANG_WARN_ENUM_CONVERSION = YES;
				CLANG_WARN_INFINITE_RECURSION = YES;
				CLANG_WARN_INT_CONVERSION = YES;
				CLANG_WARN_OBJC_ROOT_CLASS = YES_ERROR;
				CLANG_WARN_SUSPICIOUS_MOVE = YES;
				CLANG_WARN_UNREACHABLE_CODE = YES;
				CLANG_WARN__DUPLICATE_METHOD_MATCH = YES;
				"CODE_SIGN_IDENTITY[sdk=iphoneos*]" = "iPhone Developer";
				COPY_PHASE_STRIP = NO;
				DEBUG_INFORMATION_FORMAT = dwarf;
				ENABLE_STRICT_OBJC_MSGSEND = YES;
				ENABLE_TESTABILITY = YES;
				GCC_C_LANGUAGE_STANDARD = gnu99;
				GCC_DYNAMIC_NO_PIC = NO;
				GCC_NO_COMMON_BLOCKS = YES;
				GCC_OPTIMIZATION_LEVEL = 0;
				GCC_PREPROCESSOR_DEFINITIONS = (
					"DEBUG=1",
					"$(inherited)",
				);
				GCC_WARN_64_TO_32_BIT_CONVERSION = YES;
				GCC_WARN_ABOUT_RETURN_TYPE = YES_ERROR;
				GCC_WARN_UNDECLARED_SELECTOR = YES;
				GCC_WARN_UNINITIALIZED_AUTOS = YES_AGGRESSIVE;
				GCC_WARN_UNUSED_FUNCTION = YES;
				GCC_WARN_UNUSED_VARIABLE = YES;
				IPHONEOS_DEPLOYMENT_TARGET = 10.2;
				MTL_ENABLE_DEBUG_INFO = YES;
				ONLY_ACTIVE_ARCH = YES;
				SDKROOT = iphoneos;
				TARGETED_DEVICE_FAMILY = "1,2";
			};
			name = Debug;
		};
		0E1721A41E893E2E00261E76 /* Release */ = {
			isa = XCBuildConfiguration;
			buildSettings = {
				ALWAYS_SEARCH_USER_PATHS = NO;
				CLANG_ANALYZER_NONNULL = YES;
				CLANG_CXX_LANGUAGE_STANDARD = "gnu++0x";
				CLANG_CXX_LIBRARY = "libc++";
				CLANG_ENABLE_MODULES = YES;
				CLANG_ENABLE_OBJC_ARC = YES;
				CLANG_WARN_BOOL_CONVERSION = YES;
				CLANG_WARN_CONSTANT_CONVERSION = YES;
				CLANG_WARN_DIRECT_OBJC_ISA_USAGE = YES_ERROR;
				CLANG_WARN_DOCUMENTATION_COMMENTS = YES;
				CLANG_WARN_EMPTY_BODY = YES;
				CLANG_WARN_ENUM_CONVERSION = YES;
				CLANG_WARN_INFINITE_RECURSION = YES;
				CLANG_WARN_INT_CONVERSION = YES;
				CLANG_WARN_OBJC_ROOT_CLASS = YES_ERROR;
				CLANG_WARN_SUSPICIOUS_MOVE = YES;
				CLANG_WARN_UNREACHABLE_CODE = YES;
				CLANG_WARN__DUPLICATE_METHOD_MATCH = YES;
				"CODE_SIGN_IDENTITY[sdk=iphoneos*]" = "iPhone Developer";
				COPY_PHASE_STRIP = NO;
				DEBUG_INFORMATION_FORMAT = "dwarf-with-dsym";
				ENABLE_NS_ASSERTIONS = NO;
				ENABLE_STRICT_OBJC_MSGSEND = YES;
				GCC_C_LANGUAGE_STANDARD = gnu99;
				GCC_NO_COMMON_BLOCKS = YES;
				GCC_WARN_64_TO_32_BIT_CONVERSION = YES;
				GCC_WARN_ABOUT_RETURN_TYPE = YES_ERROR;
				GCC_WARN_UNDECLARED_SELECTOR = YES;
				GCC_WARN_UNINITIALIZED_AUTOS = YES_AGGRESSIVE;
				GCC_WARN_UNUSED_FUNCTION = YES;
				GCC_WARN_UNUSED_VARIABLE = YES;
				IPHONEOS_DEPLOYMENT_TARGET = 10.2;
				MTL_ENABLE_DEBUG_INFO = NO;
				SDKROOT = iphoneos;
				TARGETED_DEVICE_FAMILY = "1,2";
				VALIDATE_PRODUCT = YES;
			};
			name = Release;
		};
		0E1721A61E893E2E00261E76 /* Debug */ = {
			isa = XCBuildConfiguration;
			buildSettings = {
				ASSETCATALOG_COMPILER_APPICON_NAME = AppIcon;
				CLANG_ENABLE_MODULES = YES;
				CODE_SIGN_ENTITLEMENTS = "Deluge Remote/Deluge Remote.entitlements";
				DEVELOPMENT_TEAM = 6E75K4G54T;
				FRAMEWORK_SEARCH_PATHS = (
					"$(inherited)",
					"$(PROJECT_DIR)",
				);
				INFOPLIST_FILE = "Deluge Remote/Info.plist";
				LD_RUNPATH_SEARCH_PATHS = "$(inherited) @executable_path/Frameworks";
				PRODUCT_BUNDLE_IDENTIFIER = "com.isklikas.Deluge-Remote";
				PRODUCT_NAME = "$(TARGET_NAME)";
				SWIFT_OBJC_BRIDGING_HEADER = "Deluge Remote/Deluge Remote-Bridging-Header.h";
				SWIFT_OPTIMIZATION_LEVEL = "-Onone";
				SWIFT_VERSION = 3.0;
			};
			name = Debug;
		};
		0E1721A71E893E2E00261E76 /* Release */ = {
			isa = XCBuildConfiguration;
			buildSettings = {
				ASSETCATALOG_COMPILER_APPICON_NAME = AppIcon;
				CLANG_ENABLE_MODULES = YES;
				CODE_SIGN_ENTITLEMENTS = "Deluge Remote/Deluge Remote.entitlements";
				DEVELOPMENT_TEAM = 6E75K4G54T;
				FRAMEWORK_SEARCH_PATHS = (
					"$(inherited)",
					"$(PROJECT_DIR)",
				);
				INFOPLIST_FILE = "Deluge Remote/Info.plist";
				LD_RUNPATH_SEARCH_PATHS = "$(inherited) @executable_path/Frameworks";
				PRODUCT_BUNDLE_IDENTIFIER = "com.isklikas.Deluge-Remote";
				PRODUCT_NAME = "$(TARGET_NAME)";
				SWIFT_OBJC_BRIDGING_HEADER = "Deluge Remote/Deluge Remote-Bridging-Header.h";
				SWIFT_VERSION = 3.0;
			};
			name = Release;
		};
/* End XCBuildConfiguration section */

/* Begin XCConfigurationList section */
		0E1721891E893E2E00261E76 /* Build configuration list for PBXProject "Deluge Remote" */ = {
			isa = XCConfigurationList;
			buildConfigurations = (
				0E1721A31E893E2E00261E76 /* Debug */,
				0E1721A41E893E2E00261E76 /* Release */,
			);
			defaultConfigurationIsVisible = 0;
			defaultConfigurationName = Release;
		};
		0E1721A51E893E2E00261E76 /* Build configuration list for PBXNativeTarget "Deluge Remote" */ = {
			isa = XCConfigurationList;
			buildConfigurations = (
				0E1721A61E893E2E00261E76 /* Debug */,
				0E1721A71E893E2E00261E76 /* Release */,
			);
			defaultConfigurationIsVisible = 0;
			defaultConfigurationName = Release;
		};
/* End XCConfigurationList section */
	};
	rootObject = 0E1721861E893E2E00261E76 /* Project object */;
}
